// !$*UTF8*$!
{
	archiveVersion = 1;
	classes = {
	};
	objectVersion = 55;
	objects = {

/* Begin PBXBuildFile section */
		901D63ED290EC19D007892A4 /* AppDelegate.swift in Sources */ = {isa = PBXBuildFile; fileRef = 901D63EC290EC19D007892A4 /* AppDelegate.swift */; };
		901D63EF290EC19D007892A4 /* SceneDelegate.swift in Sources */ = {isa = PBXBuildFile; fileRef = 901D63EE290EC19D007892A4 /* SceneDelegate.swift */; };
		901D63F1290EC19D007892A4 /* MainViewController.swift in Sources */ = {isa = PBXBuildFile; fileRef = 901D63F0290EC19D007892A4 /* MainViewController.swift */; };
		901D63F6290EC19E007892A4 /* Assets.xcassets in Resources */ = {isa = PBXBuildFile; fileRef = 901D63F5290EC19E007892A4 /* Assets.xcassets */; };
		901D63F9290EC19E007892A4 /* LaunchScreen.storyboard in Resources */ = {isa = PBXBuildFile; fileRef = 901D63F7290EC19E007892A4 /* LaunchScreen.storyboard */; };
		A0CB64FF99C9AEF53F6E0001 /* Pods_Mott.framework in Frameworks */ = {isa = PBXBuildFile; fileRef = ED73EBE9920494882AEFC96D /* Pods_Mott.framework */; };
/* End PBXBuildFile section */

/* Begin PBXFileReference section */
		1A7CBA97B8E582702180CEB7 /* Pods-Mott.release.xcconfig */ = {isa = PBXFileReference; includeInIndex = 1; lastKnownFileType = text.xcconfig; name = "Pods-Mott.release.xcconfig"; path = "Target Support Files/Pods-Mott/Pods-Mott.release.xcconfig"; sourceTree = "<group>"; };
		57FD4133C5C847B415D5D2A0 /* Pods-Mott.debug.xcconfig */ = {isa = PBXFileReference; includeInIndex = 1; lastKnownFileType = text.xcconfig; name = "Pods-Mott.debug.xcconfig"; path = "Target Support Files/Pods-Mott/Pods-Mott.debug.xcconfig"; sourceTree = "<group>"; };
		901D63E9290EC19D007892A4 /* Mott.app */ = {isa = PBXFileReference; explicitFileType = wrapper.application; includeInIndex = 0; path = Mott.app; sourceTree = BUILT_PRODUCTS_DIR; };
		901D63EC290EC19D007892A4 /* AppDelegate.swift */ = {isa = PBXFileReference; lastKnownFileType = sourcecode.swift; path = AppDelegate.swift; sourceTree = "<group>"; };
		901D63EE290EC19D007892A4 /* SceneDelegate.swift */ = {isa = PBXFileReference; lastKnownFileType = sourcecode.swift; path = SceneDelegate.swift; sourceTree = "<group>"; };
		901D63F0290EC19D007892A4 /* MainViewController.swift */ = {isa = PBXFileReference; lastKnownFileType = sourcecode.swift; path = MainViewController.swift; sourceTree = "<group>"; };
		901D63F5290EC19E007892A4 /* Assets.xcassets */ = {isa = PBXFileReference; lastKnownFileType = folder.assetcatalog; path = Assets.xcassets; sourceTree = "<group>"; };
		901D63F8290EC19E007892A4 /* Base */ = {isa = PBXFileReference; lastKnownFileType = file.storyboard; name = Base; path = Base.lproj/LaunchScreen.storyboard; sourceTree = "<group>"; };
		901D63FA290EC19E007892A4 /* Info.plist */ = {isa = PBXFileReference; lastKnownFileType = text.plist.xml; path = Info.plist; sourceTree = "<group>"; };
		ED73EBE9920494882AEFC96D /* Pods_Mott.framework */ = {isa = PBXFileReference; explicitFileType = wrapper.framework; includeInIndex = 0; path = Pods_Mott.framework; sourceTree = BUILT_PRODUCTS_DIR; };
/* End PBXFileReference section */

/* Begin PBXFrameworksBuildPhase section */
		901D63E6290EC19D007892A4 /* Frameworks */ = {
			isa = PBXFrameworksBuildPhase;
			buildActionMask = 2147483647;
			files = (
				A0CB64FF99C9AEF53F6E0001 /* Pods_Mott.framework in Frameworks */,
			);
			runOnlyForDeploymentPostprocessing = 0;
		};
/* End PBXFrameworksBuildPhase section */

/* Begin PBXGroup section */
		14E3EE484207F3958E9B9997 /* Frameworks */ = {
			isa = PBXGroup;
			children = (
				ED73EBE9920494882AEFC96D /* Pods_Mott.framework */,
			);
			name = Frameworks;
			sourceTree = "<group>";
		};
		1E5E36DD6BA79CDE4985B86F /* Pods */ = {
			isa = PBXGroup;
			children = (
				57FD4133C5C847B415D5D2A0 /* Pods-Mott.debug.xcconfig */,
				1A7CBA97B8E582702180CEB7 /* Pods-Mott.release.xcconfig */,
			);
			path = Pods;
			sourceTree = "<group>";
		};
		901D63E0290EC19D007892A4 = {
			isa = PBXGroup;
			children = (
				901D63EB290EC19D007892A4 /* Mott */,
				901D63EA290EC19D007892A4 /* Products */,
				1E5E36DD6BA79CDE4985B86F /* Pods */,
				14E3EE484207F3958E9B9997 /* Frameworks */,
			);
			sourceTree = "<group>";
		};
		901D63EA290EC19D007892A4 /* Products */ = {
			isa = PBXGroup;
			children = (
				901D63E9290EC19D007892A4 /* Mott.app */,
			);
			name = Products;
			sourceTree = "<group>";
		};
		901D63EB290EC19D007892A4 /* Mott */ = {
			isa = PBXGroup;
			children = (
				901D6406290EC7AE007892A4 /* App */,
				901D6408290EC7EB007892A4 /* Pages */,
			);
			path = Mott;
			sourceTree = "<group>";
		};
		901D6406290EC7AE007892A4 /* App */ = {
			isa = PBXGroup;
			children = (
				901D6407290EC7D3007892A4 /* Asset */,
				901D63EC290EC19D007892A4 /* AppDelegate.swift */,
				901D63EE290EC19D007892A4 /* SceneDelegate.swift */,
				901D63FA290EC19E007892A4 /* Info.plist */,
			);
			path = App;
			sourceTree = "<group>";
		};
		901D6407290EC7D3007892A4 /* Asset */ = {
			isa = PBXGroup;
			children = (
				901D63F5290EC19E007892A4 /* Assets.xcassets */,
				901D63F7290EC19E007892A4 /* LaunchScreen.storyboard */,
			);
			path = Asset;
			sourceTree = "<group>";
		};
		901D6408290EC7EB007892A4 /* Pages */ = {
			isa = PBXGroup;
			children = (
				901D6409290EC7F0007892A4 /* Main */,
			);
			path = Pages;
			sourceTree = "<group>";
		};
		901D6409290EC7F0007892A4 /* Main */ = {
			isa = PBXGroup;
			children = (
				901D63F0290EC19D007892A4 /* MainViewController.swift */,
			);
			path = Main;
			sourceTree = "<group>";
		};
/* End PBXGroup section */

/* Begin PBXNativeTarget section */
		901D63E8290EC19D007892A4 /* Mott */ = {
			isa = PBXNativeTarget;
			buildConfigurationList = 901D63FD290EC19E007892A4 /* Build configuration list for PBXNativeTarget "Mott" */;
			buildPhases = (
				1BAB8FA7E8FD61584F87095C /* [CP] Check Pods Manifest.lock */,
				901D63E5290EC19D007892A4 /* Sources */,
				901D63E6290EC19D007892A4 /* Frameworks */,
				901D63E7290EC19D007892A4 /* Resources */,
				67B3B473D8C285332A7CED1C /* [CP] Embed Pods Frameworks */,
			);
			buildRules = (
			);
			dependencies = (
			);
			name = Mott;
			productName = Mott;
			productReference = 901D63E9290EC19D007892A4 /* Mott.app */;
			productType = "com.apple.product-type.application";
		};
/* End PBXNativeTarget section */

/* Begin PBXProject section */
		901D63E1290EC19D007892A4 /* Project object */ = {
			isa = PBXProject;
			attributes = {
				BuildIndependentTargetsInParallel = 1;
				LastSwiftUpdateCheck = 1340;
				LastUpgradeCheck = 1340;
				TargetAttributes = {
					901D63E8290EC19D007892A4 = {
						CreatedOnToolsVersion = 13.4.1;
					};
				};
			};
			buildConfigurationList = 901D63E4290EC19D007892A4 /* Build configuration list for PBXProject "Mott" */;
			compatibilityVersion = "Xcode 13.0";
			developmentRegion = en;
			hasScannedForEncodings = 0;
			knownRegions = (
				en,
				Base,
			);
			mainGroup = 901D63E0290EC19D007892A4;
			productRefGroup = 901D63EA290EC19D007892A4 /* Products */;
			projectDirPath = "";
			projectRoot = "";
			targets = (
				901D63E8290EC19D007892A4 /* Mott */,
			);
		};
/* End PBXProject section */

/* Begin PBXResourcesBuildPhase section */
		901D63E7290EC19D007892A4 /* Resources */ = {
			isa = PBXResourcesBuildPhase;
			buildActionMask = 2147483647;
			files = (
				901D63F9290EC19E007892A4 /* LaunchScreen.storyboard in Resources */,
				901D63F6290EC19E007892A4 /* Assets.xcassets in Resources */,
			);
			runOnlyForDeploymentPostprocessing = 0;
		};
/* End PBXResourcesBuildPhase section */

/* Begin PBXShellScriptBuildPhase section */
		1BAB8FA7E8FD61584F87095C /* [CP] Check Pods Manifest.lock */ = {
			isa = PBXShellScriptBuildPhase;
			buildActionMask = 2147483647;
			files = (
			);
			inputFileListPaths = (
			);
			inputPaths = (
				"${PODS_PODFILE_DIR_PATH}/Podfile.lock",
				"${PODS_ROOT}/Manifest.lock",
			);
			name = "[CP] Check Pods Manifest.lock";
			outputFileListPaths = (
			);
			outputPaths = (
				"$(DERIVED_FILE_DIR)/Pods-Mott-checkManifestLockResult.txt",
			);
			runOnlyForDeploymentPostprocessing = 0;
			shellPath = /bin/sh;
			shellScript = "diff \"${PODS_PODFILE_DIR_PATH}/Podfile.lock\" \"${PODS_ROOT}/Manifest.lock\" > /dev/null\nif [ $? != 0 ] ; then\n    # print error to STDERR\n    echo \"error: The sandbox is not in sync with the Podfile.lock. Run 'pod install' or update your CocoaPods installation.\" >&2\n    exit 1\nfi\n# This output is used by Xcode 'outputs' to avoid re-running this script phase.\necho \"SUCCESS\" > \"${SCRIPT_OUTPUT_FILE_0}\"\n";
			showEnvVarsInLog = 0;
		};
		67B3B473D8C285332A7CED1C /* [CP] Embed Pods Frameworks */ = {
			isa = PBXShellScriptBuildPhase;
			buildActionMask = 2147483647;
			files = (
			);
			inputFileListPaths = (
				"${PODS_ROOT}/Target Support Files/Pods-Mott/Pods-Mott-frameworks-${CONFIGURATION}-input-files.xcfilelist",
			);
			name = "[CP] Embed Pods Frameworks";
			outputFileListPaths = (
				"${PODS_ROOT}/Target Support Files/Pods-Mott/Pods-Mott-frameworks-${CONFIGURATION}-output-files.xcfilelist",
			);
			runOnlyForDeploymentPostprocessing = 0;
			shellPath = /bin/sh;
			shellScript = "\"${PODS_ROOT}/Target Support Files/Pods-Mott/Pods-Mott-frameworks.sh\"\n";
			showEnvVarsInLog = 0;
		};
/* End PBXShellScriptBuildPhase section */

/* Begin PBXSourcesBuildPhase section */
		901D63E5290EC19D007892A4 /* Sources */ = {
			isa = PBXSourcesBuildPhase;
			buildActionMask = 2147483647;
			files = (
				901D63F1290EC19D007892A4 /* MainViewController.swift in Sources */,
				901D63ED290EC19D007892A4 /* AppDelegate.swift in Sources */,
				901D63EF290EC19D007892A4 /* SceneDelegate.swift in Sources */,
			);
			runOnlyForDeploymentPostprocessing = 0;
		};
/* End PBXSourcesBuildPhase section */

/* Begin PBXVariantGroup section */
		901D63F7290EC19E007892A4 /* LaunchScreen.storyboard */ = {
			isa = PBXVariantGroup;
			children = (
				901D63F8290EC19E007892A4 /* Base */,
			);
			name = LaunchScreen.storyboard;
			sourceTree = "<group>";
		};
/* End PBXVariantGroup section */

/* Begin XCBuildConfiguration section */
		901D63FB290EC19E007892A4 /* Debug */ = {
			isa = XCBuildConfiguration;
			buildSettings = {
				ALWAYS_SEARCH_USER_PATHS = NO;
				CLANG_ANALYZER_NONNULL = YES;
				CLANG_ANALYZER_NUMBER_OBJECT_CONVERSION = YES_AGGRESSIVE;
				CLANG_CXX_LANGUAGE_STANDARD = "gnu++17";
				CLANG_ENABLE_MODULES = YES;
				CLANG_ENABLE_OBJC_ARC = YES;
				CLANG_ENABLE_OBJC_WEAK = YES;
				CLANG_WARN_BLOCK_CAPTURE_AUTORELEASING = YES;
				CLANG_WARN_BOOL_CONVERSION = YES;
				CLANG_WARN_COMMA = YES;
				CLANG_WARN_CONSTANT_CONVERSION = YES;
				CLANG_WARN_DEPRECATED_OBJC_IMPLEMENTATIONS = YES;
				CLANG_WARN_DIRECT_OBJC_ISA_USAGE = YES_ERROR;
				CLANG_WARN_DOCUMENTATION_COMMENTS = YES;
				CLANG_WARN_EMPTY_BODY = YES;
				CLANG_WARN_ENUM_CONVERSION = YES;
				CLANG_WARN_INFINITE_RECURSION = YES;
				CLANG_WARN_INT_CONVERSION = YES;
				CLANG_WARN_NON_LITERAL_NULL_CONVERSION = YES;
				CLANG_WARN_OBJC_IMPLICIT_RETAIN_SELF = YES;
				CLANG_WARN_OBJC_LITERAL_CONVERSION = YES;
				CLANG_WARN_OBJC_ROOT_CLASS = YES_ERROR;
				CLANG_WARN_QUOTED_INCLUDE_IN_FRAMEWORK_HEADER = YES;
				CLANG_WARN_RANGE_LOOP_ANALYSIS = YES;
				CLANG_WARN_STRICT_PROTOTYPES = YES;
				CLANG_WARN_SUSPICIOUS_MOVE = YES;
				CLANG_WARN_UNGUARDED_AVAILABILITY = YES_AGGRESSIVE;
				CLANG_WARN_UNREACHABLE_CODE = YES;
				CLANG_WARN__DUPLICATE_METHOD_MATCH = YES;
				COPY_PHASE_STRIP = NO;
				DEBUG_INFORMATION_FORMAT = dwarf;
				ENABLE_STRICT_OBJC_MSGSEND = YES;
				ENABLE_TESTABILITY = YES;
				GCC_C_LANGUAGE_STANDARD = gnu11;
				GCC_DYNAMIC_NO_PIC = NO;
				GCC_NO_COMMON_BLOCKS = YES;
				GCC_OPTIMIZATION_LEVEL = 0;
				GCC_PREPROCESSOR_DEFINITIONS = (
					"DEBUG=1",
					"$(inherited)",
				);
				GCC_WARN_64_TO_32_BIT_CONVERSION = YES;
				GCC_WARN_ABOUT_RETURN_TYPE = YES_ERROR;
				GCC_WARN_UNDECLARED_SELECTOR = YES;
				GCC_WARN_UNINITIALIZED_AUTOS = YES_AGGRESSIVE;
				GCC_WARN_UNUSED_FUNCTION = YES;
				GCC_WARN_UNUSED_VARIABLE = YES;
				IPHONEOS_DEPLOYMENT_TARGET = 15.5;
				MTL_ENABLE_DEBUG_INFO = INCLUDE_SOURCE;
				MTL_FAST_MATH = YES;
				ONLY_ACTIVE_ARCH = YES;
				SDKROOT = iphoneos;
				SWIFT_ACTIVE_COMPILATION_CONDITIONS = DEBUG;
				SWIFT_OPTIMIZATION_LEVEL = "-Onone";
			};
			name = Debug;
		};
		901D63FC290EC19E007892A4 /* Release */ = {
			isa = XCBuildConfiguration;
			buildSettings = {
				ALWAYS_SEARCH_USER_PATHS = NO;
				CLANG_ANALYZER_NONNULL = YES;
				CLANG_ANALYZER_NUMBER_OBJECT_CONVERSION = YES_AGGRESSIVE;
				CLANG_CXX_LANGUAGE_STANDARD = "gnu++17";
				CLANG_ENABLE_MODULES = YES;
				CLANG_ENABLE_OBJC_ARC = YES;
				CLANG_ENABLE_OBJC_WEAK = YES;
				CLANG_WARN_BLOCK_CAPTURE_AUTORELEASING = YES;
				CLANG_WARN_BOOL_CONVERSION = YES;
				CLANG_WARN_COMMA = YES;
				CLANG_WARN_CONSTANT_CONVERSION = YES;
				CLANG_WARN_DEPRECATED_OBJC_IMPLEMENTATIONS = YES;
				CLANG_WARN_DIRECT_OBJC_ISA_USAGE = YES_ERROR;
				CLANG_WARN_DOCUMENTATION_COMMENTS = YES;
				CLANG_WARN_EMPTY_BODY = YES;
				CLANG_WARN_ENUM_CONVERSION = YES;
				CLANG_WARN_INFINITE_RECURSION = YES;
				CLANG_WARN_INT_CONVERSION = YES;
				CLANG_WARN_NON_LITERAL_NULL_CONVERSION = YES;
				CLANG_WARN_OBJC_IMPLICIT_RETAIN_SELF = YES;
				CLANG_WARN_OBJC_LITERAL_CONVERSION = YES;
				CLANG_WARN_OBJC_ROOT_CLASS = YES_ERROR;
				CLANG_WARN_QUOTED_INCLUDE_IN_FRAMEWORK_HEADER = YES;
				CLANG_WARN_RANGE_LOOP_ANALYSIS = YES;
				CLANG_WARN_STRICT_PROTOTYPES = YES;
				CLANG_WARN_SUSPICIOUS_MOVE = YES;
				CLANG_WARN_UNGUARDED_AVAILABILITY = YES_AGGRESSIVE;
				CLANG_WARN_UNREACHABLE_CODE = YES;
				CLANG_WARN__DUPLICATE_METHOD_MATCH = YES;
				COPY_PHASE_STRIP = NO;
				DEBUG_INFORMATION_FORMAT = "dwarf-with-dsym";
				ENABLE_NS_ASSERTIONS = NO;
				ENABLE_STRICT_OBJC_MSGSEND = YES;
				GCC_C_LANGUAGE_STANDARD = gnu11;
				GCC_NO_COMMON_BLOCKS = YES;
				GCC_WARN_64_TO_32_BIT_CONVERSION = YES;
				GCC_WARN_ABOUT_RETURN_TYPE = YES_ERROR;
				GCC_WARN_UNDECLARED_SELECTOR = YES;
				GCC_WARN_UNINITIALIZED_AUTOS = YES_AGGRESSIVE;
				GCC_WARN_UNUSED_FUNCTION = YES;
				GCC_WARN_UNUSED_VARIABLE = YES;
				IPHONEOS_DEPLOYMENT_TARGET = 15.5;
				MTL_ENABLE_DEBUG_INFO = NO;
				MTL_FAST_MATH = YES;
				SDKROOT = iphoneos;
				SWIFT_COMPILATION_MODE = wholemodule;
				SWIFT_OPTIMIZATION_LEVEL = "-O";
				VALIDATE_PRODUCT = YES;
			};
			name = Release;
		};
		901D63FE290EC19E007892A4 /* Debug */ = {
			isa = XCBuildConfiguration;
			baseConfigurationReference = 57FD4133C5C847B415D5D2A0 /* Pods-Mott.debug.xcconfig */;
			buildSettings = {
				ASSETCATALOG_COMPILER_APPICON_NAME = AppIcon;
				ASSETCATALOG_COMPILER_GLOBAL_ACCENT_COLOR_NAME = AccentColor;
				CODE_SIGN_STYLE = Automatic;
				CURRENT_PROJECT_VERSION = 1;
				DEVELOPMENT_TEAM = U3V7X75S9T;
				GENERATE_INFOPLIST_FILE = YES;
				INFOPLIST_FILE = Mott/App/Info.plist;
				INFOPLIST_KEY_UIApplicationSupportsIndirectInputEvents = YES;
				INFOPLIST_KEY_UILaunchStoryboardName = LaunchScreen;
				INFOPLIST_KEY_UISupportedInterfaceOrientations_iPad = "UIInterfaceOrientationPortrait UIInterfaceOrientationPortraitUpsideDown UIInterfaceOrientationLandscapeLeft UIInterfaceOrientationLandscapeRight";
				INFOPLIST_KEY_UISupportedInterfaceOrientations_iPhone = "UIInterfaceOrientationPortrait UIInterfaceOrientationLandscapeLeft UIInterfaceOrientationLandscapeRight";
				LD_RUNPATH_SEARCH_PATHS = (
					"$(inherited)",
					"@executable_path/Frameworks",
				);
				MARKETING_VERSION = 1.0;
				PRODUCT_BUNDLE_IDENTIFIER = com.jikoo.Mott;
				PRODUCT_NAME = "$(TARGET_NAME)";
				SWIFT_EMIT_LOC_STRINGS = YES;
				SWIFT_VERSION = 5.0;
				TARGETED_DEVICE_FAMILY = 1;
			};
			name = Debug;
		};
		901D63FF290EC19E007892A4 /* Release */ = {
			isa = XCBuildConfiguration;
			baseConfigurationReference = 1A7CBA97B8E582702180CEB7 /* Pods-Mott.release.xcconfig */;
			buildSettings = {
				ASSETCATALOG_COMPILER_APPICON_NAME = AppIcon;
				ASSETCATALOG_COMPILER_GLOBAL_ACCENT_COLOR_NAME = AccentColor;
				CODE_SIGN_STYLE = Automatic;
				CURRENT_PROJECT_VERSION = 1;
				DEVELOPMENT_TEAM = U3V7X75S9T;
				GENERATE_INFOPLIST_FILE = YES;
				INFOPLIST_FILE = Mott/App/Info.plist;
				INFOPLIST_KEY_UIApplicationSupportsIndirectInputEvents = YES;
				INFOPLIST_KEY_UILaunchStoryboardName = LaunchScreen;
				INFOPLIST_KEY_UISupportedInterfaceOrientations_iPad = "UIInterfaceOrientationPortrait UIInterfaceOrientationPortraitUpsideDown UIInterfaceOrientationLandscapeLeft UIInterfaceOrientationLandscapeRight";
				INFOPLIST_KEY_UISupportedInterfaceOrientations_iPhone = "UIInterfaceOrientationPortrait UIInterfaceOrientationLandscapeLeft UIInterfaceOrientationLandscapeRight";
				LD_RUNPATH_SEARCH_PATHS = (
					"$(inherited)",
					"@executable_path/Frameworks",
				);
				MARKETING_VERSION = 1.0;
				PRODUCT_BUNDLE_IDENTIFIER = com.jikoo.Mott;
				PRODUCT_NAME = "$(TARGET_NAME)";
				SWIFT_EMIT_LOC_STRINGS = YES;
				SWIFT_VERSION = 5.0;
				TARGETED_DEVICE_FAMILY = 1;
			};
			name = Release;
		};
/* End XCBuildConfiguration section */

/* Begin XCConfigurationList section */
		901D63E4290EC19D007892A4 /* Build configuration list for PBXProject "Mott" */ = {
			isa = XCConfigurationList;
			buildConfigurations = (
				901D63FB290EC19E007892A4 /* Debug */,
				901D63FC290EC19E007892A4 /* Release */,
			);
			defaultConfigurationIsVisible = 0;
			defaultConfigurationName = Release;
		};
		901D63FD290EC19E007892A4 /* Build configuration list for PBXNativeTarget "Mott" */ = {
			isa = XCConfigurationList;
			buildConfigurations = (
				901D63FE290EC19E007892A4 /* Debug */,
				901D63FF290EC19E007892A4 /* Release */,
			);
			defaultConfigurationIsVisible = 0;
			defaultConfigurationName = Release;
		};
/* End XCConfigurationList section */
	};
	rootObject = 901D63E1290EC19D007892A4 /* Project object */;
}
